
Microsoft Visual Studio Solution File, Format Version 12.00
# Visual Studio Version 17
VisualStudioVersion = 17.7.34202.233
MinimumVisualStudioVersion = 10.0.40219.1
Project("{FAE04EC0-301F-11D3-BF4B-00C04F79EFBC}") = "JobsDBWinforms", "JobsDBWinforms.csproj", "{3D47674E-BC02-44FB-A3EC-1DAA12DCE5A6}"
EndProject
Global
	GlobalSection(SolutionConfigurationPlatforms) = preSolution
		Debug|Any CPU = Debug|Any CPU
		Release|Any CPU = Release|Any CPU
	EndGlobalSection
	GlobalSection(ProjectConfigurationPlatforms) = postSolution
		{3D47674E-BC02-44FB-A3EC-1DAA12DCE5A6}.Debug|Any CPU.ActiveCfg = Debug|Any CPU
		{3D47674E-BC02-44FB-A3EC-1DAA12DCE5A6}.Debug|Any CPU.Build.0 = Debug|Any CPU
		{3D47674E-BC02-44FB-A3EC-1DAA12DCE5A6}.Release|Any CPU.ActiveCfg = Release|Any CPU
		{3D47674E-BC02-44FB-A3EC-1DAA12DCE5A6}.Release|Any CPU.Build.0 = Release|Any CPU
	EndGlobalSection
	GlobalSection(SolutionProperties) = preSolution
		HideSolutionNode = FALSE
	EndGlobalSection
	GlobalSection(ExtensibilityGlobals) = postSolution
		SolutionGuid = {F8203A57-EA5C-4A59-A246-05595E934B9E}
	EndGlobalSection
EndGlobal
