
Microsoft Visual Studio Solution File, Format Version 12.00
# Visual Studio Version 17
VisualStudioVersion = 17.8.34322.80
MinimumVisualStudioVersion = 10.0.40219.1
Project("{FAE04EC0-301F-11D3-BF4B-00C04F79EFBC}") = "WebApiTest", "WebApiTest.csproj", "{FDC41632-B8DE-44C8-BDBA-3043E8C828AF}"
EndProject
Global
	GlobalSection(SolutionConfigurationPlatforms) = preSolution
		Debug|Any CPU = Debug|Any CPU
		Release|Any CPU = Release|Any CPU
	EndGlobalSection
	GlobalSection(ProjectConfigurationPlatforms) = postSolution
		{FDC41632-B8DE-44C8-BDBA-3043E8C828AF}.Debug|Any CPU.ActiveCfg = Debug|Any CPU
		{FDC41632-B8DE-44C8-BDBA-3043E8C828AF}.Debug|Any CPU.Build.0 = Debug|Any CPU
		{FDC41632-B8DE-44C8-BDBA-3043E8C828AF}.Release|Any CPU.ActiveCfg = Release|Any CPU
		{FDC41632-B8DE-44C8-BDBA-3043E8C828AF}.Release|Any CPU.Build.0 = Release|Any CPU
	EndGlobalSection
	GlobalSection(SolutionProperties) = preSolution
		HideSolutionNode = FALSE
	EndGlobalSection
	GlobalSection(ExtensibilityGlobals) = postSolution
		SolutionGuid = {022D5126-4106-43D2-89AD-38BA41813B3A}
	EndGlobalSection
EndGlobal
