
Microsoft Visual Studio Solution File, Format Version 12.00
# Visual Studio Version 17
VisualStudioVersion = 17.7.34031.279
MinimumVisualStudioVersion = 10.0.40219.1
Project("{FAE04EC0-301F-11D3-BF4B-00C04F79EFBC}") = "CardsBattleGame", "CardsBattleGame.csproj", "{80AAA022-FD86-4661-9524-A197C683F723}"
EndProject
Global
	GlobalSection(SolutionConfigurationPlatforms) = preSolution
		Debug|Any CPU = Debug|Any CPU
		Release|Any CPU = Release|Any CPU
	EndGlobalSection
	GlobalSection(ProjectConfigurationPlatforms) = postSolution
		{80AAA022-FD86-4661-9524-A197C683F723}.Debug|Any CPU.ActiveCfg = Debug|Any CPU
		{80AAA022-FD86-4661-9524-A197C683F723}.Debug|Any CPU.Build.0 = Debug|Any CPU
		{80AAA022-FD86-4661-9524-A197C683F723}.Release|Any CPU.ActiveCfg = Release|Any CPU
		{80AAA022-FD86-4661-9524-A197C683F723}.Release|Any CPU.Build.0 = Release|Any CPU
	EndGlobalSection
	GlobalSection(SolutionProperties) = preSolution
		HideSolutionNode = FALSE
	EndGlobalSection
	GlobalSection(ExtensibilityGlobals) = postSolution
		SolutionGuid = {BD9F5902-6F6E-45DE-9E67-99B666F8CECE}
	EndGlobalSection
EndGlobal
