
Microsoft Visual Studio Solution File, Format Version 12.00
# Visual Studio Version 17
VisualStudioVersion = 17.7.34031.279
MinimumVisualStudioVersion = 10.0.40219.1
Project("{FAE04EC0-301F-11D3-BF4B-00C04F79EFBC}") = "DiagramMaker", "DiagramMaker.csproj", "{27049245-519A-4D9B-BE95-AAC4EFE31FEF}"
EndProject
Global
	GlobalSection(SolutionConfigurationPlatforms) = preSolution
		Debug|Any CPU = Debug|Any CPU
		Release|Any CPU = Release|Any CPU
	EndGlobalSection
	GlobalSection(ProjectConfigurationPlatforms) = postSolution
		{27049245-519A-4D9B-BE95-AAC4EFE31FEF}.Debug|Any CPU.ActiveCfg = Debug|Any CPU
		{27049245-519A-4D9B-BE95-AAC4EFE31FEF}.Debug|Any CPU.Build.0 = Debug|Any CPU
		{27049245-519A-4D9B-BE95-AAC4EFE31FEF}.Release|Any CPU.ActiveCfg = Release|Any CPU
		{27049245-519A-4D9B-BE95-AAC4EFE31FEF}.Release|Any CPU.Build.0 = Release|Any CPU
	EndGlobalSection
	GlobalSection(SolutionProperties) = preSolution
		HideSolutionNode = FALSE
	EndGlobalSection
	GlobalSection(ExtensibilityGlobals) = postSolution
		SolutionGuid = {F5B4FC3F-C5DD-4358-9C9C-D3AA36361933}
	EndGlobalSection
EndGlobal
