
Microsoft Visual Studio Solution File, Format Version 12.00
# Visual Studio Version 17
VisualStudioVersion = 17.7.34031.279
MinimumVisualStudioVersion = 10.0.40219.1
Project("{FAE04EC0-301F-11D3-BF4B-00C04F79EFBC}") = "SnakeClasses", "SnakeClasses.csproj", "{F4A79452-AB62-4BA4-A6F0-9EC4BA3448EB}"
EndProject
Global
	GlobalSection(SolutionConfigurationPlatforms) = preSolution
		Debug|Any CPU = Debug|Any CPU
		Release|Any CPU = Release|Any CPU
	EndGlobalSection
	GlobalSection(ProjectConfigurationPlatforms) = postSolution
		{F4A79452-AB62-4BA4-A6F0-9EC4BA3448EB}.Debug|Any CPU.ActiveCfg = Debug|Any CPU
		{F4A79452-AB62-4BA4-A6F0-9EC4BA3448EB}.Debug|Any CPU.Build.0 = Debug|Any CPU
		{F4A79452-AB62-4BA4-A6F0-9EC4BA3448EB}.Release|Any CPU.ActiveCfg = Release|Any CPU
		{F4A79452-AB62-4BA4-A6F0-9EC4BA3448EB}.Release|Any CPU.Build.0 = Release|Any CPU
	EndGlobalSection
	GlobalSection(SolutionProperties) = preSolution
		HideSolutionNode = FALSE
	EndGlobalSection
	GlobalSection(ExtensibilityGlobals) = postSolution
		SolutionGuid = {730D154E-1EB8-4704-B09B-5756DDEFEA33}
	EndGlobalSection
EndGlobal
