
Microsoft Visual Studio Solution File, Format Version 12.00
# Visual Studio Version 17
VisualStudioVersion = 17.7.34202.233
MinimumVisualStudioVersion = 10.0.40219.1
Project("{FAE04EC0-301F-11D3-BF4B-00C04F79EFBC}") = "TasksForm", "TasksForm.csproj", "{40B90156-4566-4D1C-AF1F-7C9D8D95BBA3}"
EndProject
Global
	GlobalSection(SolutionConfigurationPlatforms) = preSolution
		Debug|Any CPU = Debug|Any CPU
		Release|Any CPU = Release|Any CPU
	EndGlobalSection
	GlobalSection(ProjectConfigurationPlatforms) = postSolution
		{40B90156-4566-4D1C-AF1F-7C9D8D95BBA3}.Debug|Any CPU.ActiveCfg = Debug|Any CPU
		{40B90156-4566-4D1C-AF1F-7C9D8D95BBA3}.Debug|Any CPU.Build.0 = Debug|Any CPU
		{40B90156-4566-4D1C-AF1F-7C9D8D95BBA3}.Release|Any CPU.ActiveCfg = Release|Any CPU
		{40B90156-4566-4D1C-AF1F-7C9D8D95BBA3}.Release|Any CPU.Build.0 = Release|Any CPU
	EndGlobalSection
	GlobalSection(SolutionProperties) = preSolution
		HideSolutionNode = FALSE
	EndGlobalSection
	GlobalSection(ExtensibilityGlobals) = postSolution
		SolutionGuid = {1E346ACF-CCB2-4818-84D9-ECD5543991FC}
	EndGlobalSection
EndGlobal
