
Microsoft Visual Studio Solution File, Format Version 12.00
# Visual Studio Version 17
VisualStudioVersion = 17.7.34031.279
MinimumVisualStudioVersion = 10.0.40219.1
Project("{FAE04EC0-301F-11D3-BF4B-00C04F79EFBC}") = "HospitalProject", "HospitalProject.csproj", "{735F3551-C7D0-468A-AC5B-20DA6D674F0D}"
EndProject
Global
	GlobalSection(SolutionConfigurationPlatforms) = preSolution
		Debug|Any CPU = Debug|Any CPU
		Release|Any CPU = Release|Any CPU
	EndGlobalSection
	GlobalSection(ProjectConfigurationPlatforms) = postSolution
		{735F3551-C7D0-468A-AC5B-20DA6D674F0D}.Debug|Any CPU.ActiveCfg = Debug|Any CPU
		{735F3551-C7D0-468A-AC5B-20DA6D674F0D}.Debug|Any CPU.Build.0 = Debug|Any CPU
		{735F3551-C7D0-468A-AC5B-20DA6D674F0D}.Release|Any CPU.ActiveCfg = Release|Any CPU
		{735F3551-C7D0-468A-AC5B-20DA6D674F0D}.Release|Any CPU.Build.0 = Release|Any CPU
	EndGlobalSection
	GlobalSection(SolutionProperties) = preSolution
		HideSolutionNode = FALSE
	EndGlobalSection
	GlobalSection(ExtensibilityGlobals) = postSolution
		SolutionGuid = {598BE1D8-A4E7-4902-BC67-93E31AEB8EB7}
	EndGlobalSection
EndGlobal
