
Microsoft Visual Studio Solution File, Format Version 12.00
# Visual Studio Version 17
VisualStudioVersion = 17.7.34031.279
MinimumVisualStudioVersion = 10.0.40219.1
Project("{FAE04EC0-301F-11D3-BF4B-00C04F79EFBC}") = "TandaEjercicios003", "TandaEjercicios003.csproj", "{7652D9D4-5743-4AAE-8497-CE789333AFD0}"
EndProject
Global
	GlobalSection(SolutionConfigurationPlatforms) = preSolution
		Debug|Any CPU = Debug|Any CPU
		Release|Any CPU = Release|Any CPU
	EndGlobalSection
	GlobalSection(ProjectConfigurationPlatforms) = postSolution
		{7652D9D4-5743-4AAE-8497-CE789333AFD0}.Debug|Any CPU.ActiveCfg = Debug|Any CPU
		{7652D9D4-5743-4AAE-8497-CE789333AFD0}.Debug|Any CPU.Build.0 = Debug|Any CPU
		{7652D9D4-5743-4AAE-8497-CE789333AFD0}.Release|Any CPU.ActiveCfg = Release|Any CPU
		{7652D9D4-5743-4AAE-8497-CE789333AFD0}.Release|Any CPU.Build.0 = Release|Any CPU
	EndGlobalSection
	GlobalSection(SolutionProperties) = preSolution
		HideSolutionNode = FALSE
	EndGlobalSection
	GlobalSection(ExtensibilityGlobals) = postSolution
		SolutionGuid = {451F02D3-2A26-41D2-A437-3B0FEAF78330}
	EndGlobalSection
EndGlobal
